
Microsoft Visual Studio Solution File, Format Version 12.00
# Visual Studio Version 17
VisualStudioVersion = 17.7.34221.43
MinimumVisualStudioVersion = 10.0.40219.1
Project("{8BC9CEB8-8B4A-11D0-8D11-00A0C91BC942}") = "C++实验最终", "C++实验最终\C++实验最终.vcxproj", "{FB58D6C0-A651-49A3-8054-72628A5CA648}"
EndProject
Project("{8BC9CEB8-8B4A-11D0-8D11-00A0C91BC942}") = "1.1", "1.1\1.1.vcxproj", "{0BEE56EB-1B24-4181-A830-A62AAFDCF1E4}"
EndProject
Project("{8BC9CEB8-8B4A-11D0-8D11-00A0C91BC942}") = "1.2", "1.2\1.2.vcxproj", "{B518F93D-12BD-4668-BEAD-2B1973DEE0F6}"
EndProject
Project("{8BC9CEB8-8B4A-11D0-8D11-00A0C91BC942}") = "1.3", "1.3\1.3.vcxproj", "{D716D20A-B12D-4440-90CE-7CE755077569}"
EndProject
Project("{8BC9CEB8-8B4A-11D0-8D11-00A0C91BC942}") = "1.4", "1.4\1.4.vcxproj", "{6F95D281-17C5-492E-9539-54FA3C175406}"
EndProject
Project("{8BC9CEB8-8B4A-11D0-8D11-00A0C91BC942}") = "1.5", "1.5\1.5.vcxproj", "{04345F12-E43B-4D3E-B9DC-86DC76A742DF}"
EndProject
Project("{8BC9CEB8-8B4A-11D0-8D11-00A0C91BC942}") = "2.1", "2.1\2.1.vcxproj", "{267E7C9F-7DA5-47FE-BC8B-CF34C9C58E53}"
EndProject
Project("{8BC9CEB8-8B4A-11D0-8D11-00A0C91BC942}") = "2.2", "2.2\2.2.vcxproj", "{1B5EEB4F-DCF1-43D7-BD99-8F6A64956BED}"
EndProject
Project("{8BC9CEB8-8B4A-11D0-8D11-00A0C91BC942}") = "2.3", "2.3\2.3.vcxproj", "{8BC6866D-11DA-4FA3-AF7D-D9F8E40AF299}"
EndProject
Project("{8BC9CEB8-8B4A-11D0-8D11-00A0C91BC942}") = "2.4", "2.4\2.4.vcxproj", "{E9F60830-922A-4E10-BC96-F1C5035B8AEE}"
EndProject
Project("{8BC9CEB8-8B4A-11D0-8D11-00A0C91BC942}") = "2.5", "2.5\2.5.vcxproj", "{32EF844B-CED0-4436-ADF1-B6AC0ABA212D}"
EndProject
Project("{8BC9CEB8-8B4A-11D0-8D11-00A0C91BC942}") = "2.6", "2.6\2.6.vcxproj", "{AB8980B9-5CA4-400A-A50B-A58056F7BAF3}"
EndProject
Project("{8BC9CEB8-8B4A-11D0-8D11-00A0C91BC942}") = "2.7", "2.7\2.7.vcxproj", "{3BC9244A-BC4B-4C52-9CE8-DFBBED27F1B9}"
EndProject
Project("{8BC9CEB8-8B4A-11D0-8D11-00A0C91BC942}") = "2.8", "2.8\2.8.vcxproj", "{69ACDB35-4F70-474B-A7EA-50802DAA5C29}"
EndProject
Project("{8BC9CEB8-8B4A-11D0-8D11-00A0C91BC942}") = "2.9", "2.9\2.9.vcxproj", "{880E2C8E-8622-4064-A9C4-C8D366E4B8D1}"
EndProject
Global
	GlobalSection(SolutionConfigurationPlatforms) = preSolution
		Debug|x64 = Debug|x64
		Debug|x86 = Debug|x86
		Release|x64 = Release|x64
		Release|x86 = Release|x86
	EndGlobalSection
	GlobalSection(ProjectConfigurationPlatforms) = postSolution
		{FB58D6C0-A651-49A3-8054-72628A5CA648}.Debug|x64.ActiveCfg = Debug|x64
		{FB58D6C0-A651-49A3-8054-72628A5CA648}.Debug|x64.Build.0 = Debug|x64
		{FB58D6C0-A651-49A3-8054-72628A5CA648}.Debug|x86.ActiveCfg = Debug|Win32
		{FB58D6C0-A651-49A3-8054-72628A5CA648}.Debug|x86.Build.0 = Debug|Win32
		{FB58D6C0-A651-49A3-8054-72628A5CA648}.Release|x64.ActiveCfg = Release|x64
		{FB58D6C0-A651-49A3-8054-72628A5CA648}.Release|x64.Build.0 = Release|x64
		{FB58D6C0-A651-49A3-8054-72628A5CA648}.Release|x86.ActiveCfg = Release|Win32
		{FB58D6C0-A651-49A3-8054-72628A5CA648}.Release|x86.Build.0 = Release|Win32
		{0BEE56EB-1B24-4181-A830-A62AAFDCF1E4}.Debug|x64.ActiveCfg = Debug|x64
		{0BEE56EB-1B24-4181-A830-A62AAFDCF1E4}.Debug|x64.Build.0 = Debug|x64
		{0BEE56EB-1B24-4181-A830-A62AAFDCF1E4}.Debug|x86.ActiveCfg = Debug|Win32
		{0BEE56EB-1B24-4181-A830-A62AAFDCF1E4}.Debug|x86.Build.0 = Debug|Win32
		{0BEE56EB-1B24-4181-A830-A62AAFDCF1E4}.Release|x64.ActiveCfg = Release|x64
		{0BEE56EB-1B24-4181-A830-A62AAFDCF1E4}.Release|x64.Build.0 = Release|x64
		{0BEE56EB-1B24-4181-A830-A62AAFDCF1E4}.Release|x86.ActiveCfg = Release|Win32
		{0BEE56EB-1B24-4181-A830-A62AAFDCF1E4}.Release|x86.Build.0 = Release|Win32
		{B518F93D-12BD-4668-BEAD-2B1973DEE0F6}.Debug|x64.ActiveCfg = Debug|x64
		{B518F93D-12BD-4668-BEAD-2B1973DEE0F6}.Debug|x64.Build.0 = Debug|x64
		{B518F93D-12BD-4668-BEAD-2B1973DEE0F6}.Debug|x86.ActiveCfg = Debug|Win32
		{B518F93D-12BD-4668-BEAD-2B1973DEE0F6}.Debug|x86.Build.0 = Debug|Win32
		{B518F93D-12BD-4668-BEAD-2B1973DEE0F6}.Release|x64.ActiveCfg = Release|x64
		{B518F93D-12BD-4668-BEAD-2B1973DEE0F6}.Release|x64.Build.0 = Release|x64
		{B518F93D-12BD-4668-BEAD-2B1973DEE0F6}.Release|x86.ActiveCfg = Release|Win32
		{B518F93D-12BD-4668-BEAD-2B1973DEE0F6}.Release|x86.Build.0 = Release|Win32
		{D716D20A-B12D-4440-90CE-7CE755077569}.Debug|x64.ActiveCfg = Debug|x64
		{D716D20A-B12D-4440-90CE-7CE755077569}.Debug|x64.Build.0 = Debug|x64
		{D716D20A-B12D-4440-90CE-7CE755077569}.Debug|x86.ActiveCfg = Debug|Win32
		{D716D20A-B12D-4440-90CE-7CE755077569}.Debug|x86.Build.0 = Debug|Win32
		{D716D20A-B12D-4440-90CE-7CE755077569}.Release|x64.ActiveCfg = Release|x64
		{D716D20A-B12D-4440-90CE-7CE755077569}.Release|x64.Build.0 = Release|x64
		{D716D20A-B12D-4440-90CE-7CE755077569}.Release|x86.ActiveCfg = Release|Win32
		{D716D20A-B12D-4440-90CE-7CE755077569}.Release|x86.Build.0 = Release|Win32
		{6F95D281-17C5-492E-9539-54FA3C175406}.Debug|x64.ActiveCfg = Debug|x64
		{6F95D281-17C5-492E-9539-54FA3C175406}.Debug|x64.Build.0 = Debug|x64
		{6F95D281-17C5-492E-9539-54FA3C175406}.Debug|x86.ActiveCfg = Debug|Win32
		{6F95D281-17C5-492E-9539-54FA3C175406}.Debug|x86.Build.0 = Debug|Win32
		{6F95D281-17C5-492E-9539-54FA3C175406}.Release|x64.ActiveCfg = Release|x64
		{6F95D281-17C5-492E-9539-54FA3C175406}.Release|x64.Build.0 = Release|x64
		{6F95D281-17C5-492E-9539-54FA3C175406}.Release|x86.ActiveCfg = Release|Win32
		{6F95D281-17C5-492E-9539-54FA3C175406}.Release|x86.Build.0 = Release|Win32
		{04345F12-E43B-4D3E-B9DC-86DC76A742DF}.Debug|x64.ActiveCfg = Debug|x64
		{04345F12-E43B-4D3E-B9DC-86DC76A742DF}.Debug|x64.Build.0 = Debug|x64
		{04345F12-E43B-4D3E-B9DC-86DC76A742DF}.Debug|x86.ActiveCfg = Debug|Win32
		{04345F12-E43B-4D3E-B9DC-86DC76A742DF}.Debug|x86.Build.0 = Debug|Win32
		{04345F12-E43B-4D3E-B9DC-86DC76A742DF}.Release|x64.ActiveCfg = Release|x64
		{04345F12-E43B-4D3E-B9DC-86DC76A742DF}.Release|x64.Build.0 = Release|x64
		{04345F12-E43B-4D3E-B9DC-86DC76A742DF}.Release|x86.ActiveCfg = Release|Win32
		{04345F12-E43B-4D3E-B9DC-86DC76A742DF}.Release|x86.Build.0 = Release|Win32
		{267E7C9F-7DA5-47FE-BC8B-CF34C9C58E53}.Debug|x64.ActiveCfg = Debug|x64
		{267E7C9F-7DA5-47FE-BC8B-CF34C9C58E53}.Debug|x64.Build.0 = Debug|x64
		{267E7C9F-7DA5-47FE-BC8B-CF34C9C58E53}.Debug|x86.ActiveCfg = Debug|Win32
		{267E7C9F-7DA5-47FE-BC8B-CF34C9C58E53}.Debug|x86.Build.0 = Debug|Win32
		{267E7C9F-7DA5-47FE-BC8B-CF34C9C58E53}.Release|x64.ActiveCfg = Release|x64
		{267E7C9F-7DA5-47FE-BC8B-CF34C9C58E53}.Release|x64.Build.0 = Release|x64
		{267E7C9F-7DA5-47FE-BC8B-CF34C9C58E53}.Release|x86.ActiveCfg = Release|Win32
		{267E7C9F-7DA5-47FE-BC8B-CF34C9C58E53}.Release|x86.Build.0 = Release|Win32
		{1B5EEB4F-DCF1-43D7-BD99-8F6A64956BED}.Debug|x64.ActiveCfg = Debug|x64
		{1B5EEB4F-DCF1-43D7-BD99-8F6A64956BED}.Debug|x64.Build.0 = Debug|x64
		{1B5EEB4F-DCF1-43D7-BD99-8F6A64956BED}.Debug|x86.ActiveCfg = Debug|Win32
		{1B5EEB4F-DCF1-43D7-BD99-8F6A64956BED}.Debug|x86.Build.0 = Debug|Win32
		{1B5EEB4F-DCF1-43D7-BD99-8F6A64956BED}.Release|x64.ActiveCfg = Release|x64
		{1B5EEB4F-DCF1-43D7-BD99-8F6A64956BED}.Release|x64.Build.0 = Release|x64
		{1B5EEB4F-DCF1-43D7-BD99-8F6A64956BED}.Release|x86.ActiveCfg = Release|Win32
		{1B5EEB4F-DCF1-43D7-BD99-8F6A64956BED}.Release|x86.Build.0 = Release|Win32
		{8BC6866D-11DA-4FA3-AF7D-D9F8E40AF299}.Debug|x64.ActiveCfg = Debug|x64
		{8BC6866D-11DA-4FA3-AF7D-D9F8E40AF299}.Debug|x64.Build.0 = Debug|x64
		{8BC6866D-11DA-4FA3-AF7D-D9F8E40AF299}.Debug|x86.ActiveCfg = Debug|Win32
		{8BC6866D-11DA-4FA3-AF7D-D9F8E40AF299}.Debug|x86.Build.0 = Debug|Win32
		{8BC6866D-11DA-4FA3-AF7D-D9F8E40AF299}.Release|x64.ActiveCfg = Release|x64
		{8BC6866D-11DA-4FA3-AF7D-D9F8E40AF299}.Release|x64.Build.0 = Release|x64
		{8BC6866D-11DA-4FA3-AF7D-D9F8E40AF299}.Release|x86.ActiveCfg = Release|Win32
		{8BC6866D-11DA-4FA3-AF7D-D9F8E40AF299}.Release|x86.Build.0 = Release|Win32
		{E9F60830-922A-4E10-BC96-F1C5035B8AEE}.Debug|x64.ActiveCfg = Debug|x64
		{E9F60830-922A-4E10-BC96-F1C5035B8AEE}.Debug|x64.Build.0 = Debug|x64
		{E9F60830-922A-4E10-BC96-F1C5035B8AEE}.Debug|x86.ActiveCfg = Debug|Win32
		{E9F60830-922A-4E10-BC96-F1C5035B8AEE}.Debug|x86.Build.0 = Debug|Win32
		{E9F60830-922A-4E10-BC96-F1C5035B8AEE}.Release|x64.ActiveCfg = Release|x64
		{E9F60830-922A-4E10-BC96-F1C5035B8AEE}.Release|x64.Build.0 = Release|x64
		{E9F60830-922A-4E10-BC96-F1C5035B8AEE}.Release|x86.ActiveCfg = Release|Win32
		{E9F60830-922A-4E10-BC96-F1C5035B8AEE}.Release|x86.Build.0 = Release|Win32
		{32EF844B-CED0-4436-ADF1-B6AC0ABA212D}.Debug|x64.ActiveCfg = Debug|x64
		{32EF844B-CED0-4436-ADF1-B6AC0ABA212D}.Debug|x64.Build.0 = Debug|x64
		{32EF844B-CED0-4436-ADF1-B6AC0ABA212D}.Debug|x86.ActiveCfg = Debug|Win32
		{32EF844B-CED0-4436-ADF1-B6AC0ABA212D}.Debug|x86.Build.0 = Debug|Win32
		{32EF844B-CED0-4436-ADF1-B6AC0ABA212D}.Release|x64.ActiveCfg = Release|x64
		{32EF844B-CED0-4436-ADF1-B6AC0ABA212D}.Release|x64.Build.0 = Release|x64
		{32EF844B-CED0-4436-ADF1-B6AC0ABA212D}.Release|x86.ActiveCfg = Release|Win32
		{32EF844B-CED0-4436-ADF1-B6AC0ABA212D}.Release|x86.Build.0 = Release|Win32
		{AB8980B9-5CA4-400A-A50B-A58056F7BAF3}.Debug|x64.ActiveCfg = Debug|x64
		{AB8980B9-5CA4-400A-A50B-A58056F7BAF3}.Debug|x64.Build.0 = Debug|x64
		{AB8980B9-5CA4-400A-A50B-A58056F7BAF3}.Debug|x86.ActiveCfg = Debug|Win32
		{AB8980B9-5CA4-400A-A50B-A58056F7BAF3}.Debug|x86.Build.0 = Debug|Win32
		{AB8980B9-5CA4-400A-A50B-A58056F7BAF3}.Release|x64.ActiveCfg = Release|x64
		{AB8980B9-5CA4-400A-A50B-A58056F7BAF3}.Release|x64.Build.0 = Release|x64
		{AB8980B9-5CA4-400A-A50B-A58056F7BAF3}.Release|x86.ActiveCfg = Release|Win32
		{AB8980B9-5CA4-400A-A50B-A58056F7BAF3}.Release|x86.Build.0 = Release|Win32
		{3BC9244A-BC4B-4C52-9CE8-DFBBED27F1B9}.Debug|x64.ActiveCfg = Debug|x64
		{3BC9244A-BC4B-4C52-9CE8-DFBBED27F1B9}.Debug|x64.Build.0 = Debug|x64
		{3BC9244A-BC4B-4C52-9CE8-DFBBED27F1B9}.Debug|x86.ActiveCfg = Debug|Win32
		{3BC9244A-BC4B-4C52-9CE8-DFBBED27F1B9}.Debug|x86.Build.0 = Debug|Win32
		{3BC9244A-BC4B-4C52-9CE8-DFBBED27F1B9}.Release|x64.ActiveCfg = Release|x64
		{3BC9244A-BC4B-4C52-9CE8-DFBBED27F1B9}.Release|x64.Build.0 = Release|x64
		{3BC9244A-BC4B-4C52-9CE8-DFBBED27F1B9}.Release|x86.ActiveCfg = Release|Win32
		{3BC9244A-BC4B-4C52-9CE8-DFBBED27F1B9}.Release|x86.Build.0 = Release|Win32
		{69ACDB35-4F70-474B-A7EA-50802DAA5C29}.Debug|x64.ActiveCfg = Debug|x64
		{69ACDB35-4F70-474B-A7EA-50802DAA5C29}.Debug|x64.Build.0 = Debug|x64
		{69ACDB35-4F70-474B-A7EA-50802DAA5C29}.Debug|x86.ActiveCfg = Debug|Win32
		{69ACDB35-4F70-474B-A7EA-50802DAA5C29}.Debug|x86.Build.0 = Debug|Win32
		{69ACDB35-4F70-474B-A7EA-50802DAA5C29}.Release|x64.ActiveCfg = Release|x64
		{69ACDB35-4F70-474B-A7EA-50802DAA5C29}.Release|x64.Build.0 = Release|x64
		{69ACDB35-4F70-474B-A7EA-50802DAA5C29}.Release|x86.ActiveCfg = Release|Win32
		{69ACDB35-4F70-474B-A7EA-50802DAA5C29}.Release|x86.Build.0 = Release|Win32
		{880E2C8E-8622-4064-A9C4-C8D366E4B8D1}.Debug|x64.ActiveCfg = Debug|x64
		{880E2C8E-8622-4064-A9C4-C8D366E4B8D1}.Debug|x64.Build.0 = Debug|x64
		{880E2C8E-8622-4064-A9C4-C8D366E4B8D1}.Debug|x86.ActiveCfg = Debug|Win32
		{880E2C8E-8622-4064-A9C4-C8D366E4B8D1}.Debug|x86.Build.0 = Debug|Win32
		{880E2C8E-8622-4064-A9C4-C8D366E4B8D1}.Release|x64.ActiveCfg = Release|x64
		{880E2C8E-8622-4064-A9C4-C8D366E4B8D1}.Release|x64.Build.0 = Release|x64
		{880E2C8E-8622-4064-A9C4-C8D366E4B8D1}.Release|x86.ActiveCfg = Release|Win32
		{880E2C8E-8622-4064-A9C4-C8D366E4B8D1}.Release|x86.Build.0 = Release|Win32
	EndGlobalSection
	GlobalSection(SolutionProperties) = preSolution
		HideSolutionNode = FALSE
	EndGlobalSection
	GlobalSection(ExtensibilityGlobals) = postSolution
		SolutionGuid = {F1557D68-8CA5-42F4-8E53-A3BEDC33CF82}
	EndGlobalSection
EndGlobal
